
Microsoft Visual Studio Solution File, Format Version 12.00
# Visual Studio Version 16
VisualStudioVersion = 16.0.30709.132
MinimumVisualStudioVersion = 10.0.40219.1
Project("{8BC9CEB8-8B4A-11D0-8D11-00A0C91BC942}") = "CiphertextCompiler", "CiphertextCompiler.vcxproj", "{78B7DBAB-ABB8-43A0-BA2F-B4F1927D990C}"
EndProject
Global
	GlobalSection(SolutionConfigurationPlatforms) = preSolution
		Debug|x64 = Debug|x64
		Debug|x86 = Debug|x86
		Release|x64 = Release|x64
		Release|x86 = Release|x86
	EndGlobalSection
	GlobalSection(ProjectConfigurationPlatforms) = postSolution
		{78B7DBAB-ABB8-43A0-BA2F-B4F1927D990C}.Debug|x64.ActiveCfg = Debug|x64
		{78B7DBAB-ABB8-43A0-BA2F-B4F1927D990C}.Debug|x64.Build.0 = Debug|x64
		{78B7DBAB-ABB8-43A0-BA2F-B4F1927D990C}.Debug|x86.ActiveCfg = Debug|Win32
		{78B7DBAB-ABB8-43A0-BA2F-B4F1927D990C}.Debug|x86.Build.0 = Debug|Win32
		{78B7DBAB-ABB8-43A0-BA2F-B4F1927D990C}.Release|x64.ActiveCfg = Release|x64
		{78B7DBAB-ABB8-43A0-BA2F-B4F1927D990C}.Release|x64.Build.0 = Release|x64
		{78B7DBAB-ABB8-43A0-BA2F-B4F1927D990C}.Release|x86.ActiveCfg = Release|Win32
		{78B7DBAB-ABB8-43A0-BA2F-B4F1927D990C}.Release|x86.Build.0 = Release|Win32
	EndGlobalSection
	GlobalSection(SolutionProperties) = preSolution
		HideSolutionNode = FALSE
	EndGlobalSection
	GlobalSection(ExtensibilityGlobals) = postSolution
		SolutionGuid = {F93C2DDA-CFCA-47D3-8C67-C8BDB2022A1D}
	EndGlobalSection
EndGlobal
